
Microsoft Visual Studio Solution File, Format Version 12.00
# Visual Studio Version 17
VisualStudioVersion = 17.5.002.0
MinimumVisualStudioVersion = 10.0.40219.1
Project("{9A19103F-16F7-4668-BE54-9A1E7A4F7556}") = "CallCenter", "CallCenter.csproj", "{BEE968FC-2889-44A9-B66D-70F41C1D9CCE}"
EndProject
Global
	GlobalSection(SolutionConfigurationPlatforms) = preSolution
		Debug|Any CPU = Debug|Any CPU
		Release|Any CPU = Release|Any CPU
	EndGlobalSection
	GlobalSection(ProjectConfigurationPlatforms) = postSolution
		{BEE968FC-2889-44A9-B66D-70F41C1D9CCE}.Debug|Any CPU.ActiveCfg = Debug|Any CPU
		{BEE968FC-2889-44A9-B66D-70F41C1D9CCE}.Debug|Any CPU.Build.0 = Debug|Any CPU
		{BEE968FC-2889-44A9-B66D-70F41C1D9CCE}.Release|Any CPU.ActiveCfg = Release|Any CPU
		{BEE968FC-2889-44A9-B66D-70F41C1D9CCE}.Release|Any CPU.Build.0 = Release|Any CPU
	EndGlobalSection
	GlobalSection(SolutionProperties) = preSolution
		HideSolutionNode = FALSE
	EndGlobalSection
	GlobalSection(ExtensibilityGlobals) = postSolution
		SolutionGuid = {C46D2D6A-91F1-4723-BC92-E26DF20803A7}
	EndGlobalSection
EndGlobal
