
Microsoft Visual Studio Solution File, Format Version 12.00
# Visual Studio Version 17
VisualStudioVersion = 17.5.002.0
MinimumVisualStudioVersion = 10.0.40219.1
Project("{9A19103F-16F7-4668-BE54-9A1E7A4F7556}") = "BUS", "BUS\BUS.csproj", "{B3DFB2CA-FDD4-452E-992B-7C5F75C892CC}"
EndProject
Project("{9A19103F-16F7-4668-BE54-9A1E7A4F7556}") = "DAL", "DAL\DAL.csproj", "{EEB04D6E-9F7E-4AB6-ABC6-DA0ADEFD787A}"
EndProject
Project("{9A19103F-16F7-4668-BE54-9A1E7A4F7556}") = "DTO", "DTO\DTO.csproj", "{F9E34A08-68A8-4082-9D5D-55147A64DB8B}"
EndProject
Project("{9A19103F-16F7-4668-BE54-9A1E7A4F7556}") = "GUI_MVC", "GUI_MVC\GUI_MVC.csproj", "{7112F18B-C88C-49BC-8610-068E660FC783}"
EndProject
Project("{9A19103F-16F7-4668-BE54-9A1E7A4F7556}") = "GUI_Razor", "GUI_Razor\GUI_Razor.csproj", "{9A257903-0C24-4910-B924-26E228415BF4}"
EndProject
Project("{9A19103F-16F7-4668-BE54-9A1E7A4F7556}") = "GUI_Winforms", "GUI_Winforms\GUI_Winforms.csproj", "{79AF2EAD-F8FD-4F9C-83F2-F0F4534896CF}"
EndProject
Global
	GlobalSection(SolutionConfigurationPlatforms) = preSolution
		Debug|Any CPU = Debug|Any CPU
		Release|Any CPU = Release|Any CPU
	EndGlobalSection
	GlobalSection(ProjectConfigurationPlatforms) = postSolution
		{B3DFB2CA-FDD4-452E-992B-7C5F75C892CC}.Debug|Any CPU.ActiveCfg = Debug|Any CPU
		{B3DFB2CA-FDD4-452E-992B-7C5F75C892CC}.Debug|Any CPU.Build.0 = Debug|Any CPU
		{B3DFB2CA-FDD4-452E-992B-7C5F75C892CC}.Release|Any CPU.ActiveCfg = Release|Any CPU
		{B3DFB2CA-FDD4-452E-992B-7C5F75C892CC}.Release|Any CPU.Build.0 = Release|Any CPU
		{EEB04D6E-9F7E-4AB6-ABC6-DA0ADEFD787A}.Debug|Any CPU.ActiveCfg = Debug|Any CPU
		{EEB04D6E-9F7E-4AB6-ABC6-DA0ADEFD787A}.Debug|Any CPU.Build.0 = Debug|Any CPU
		{EEB04D6E-9F7E-4AB6-ABC6-DA0ADEFD787A}.Release|Any CPU.ActiveCfg = Release|Any CPU
		{EEB04D6E-9F7E-4AB6-ABC6-DA0ADEFD787A}.Release|Any CPU.Build.0 = Release|Any CPU
		{F9E34A08-68A8-4082-9D5D-55147A64DB8B}.Debug|Any CPU.ActiveCfg = Debug|Any CPU
		{F9E34A08-68A8-4082-9D5D-55147A64DB8B}.Debug|Any CPU.Build.0 = Debug|Any CPU
		{F9E34A08-68A8-4082-9D5D-55147A64DB8B}.Release|Any CPU.ActiveCfg = Release|Any CPU
		{F9E34A08-68A8-4082-9D5D-55147A64DB8B}.Release|Any CPU.Build.0 = Release|Any CPU
		{7112F18B-C88C-49BC-8610-068E660FC783}.Debug|Any CPU.ActiveCfg = Debug|Any CPU
		{7112F18B-C88C-49BC-8610-068E660FC783}.Debug|Any CPU.Build.0 = Debug|Any CPU
		{7112F18B-C88C-49BC-8610-068E660FC783}.Release|Any CPU.ActiveCfg = Release|Any CPU
		{7112F18B-C88C-49BC-8610-068E660FC783}.Release|Any CPU.Build.0 = Release|Any CPU
		{9A257903-0C24-4910-B924-26E228415BF4}.Debug|Any CPU.ActiveCfg = Debug|Any CPU
		{9A257903-0C24-4910-B924-26E228415BF4}.Debug|Any CPU.Build.0 = Debug|Any CPU
		{9A257903-0C24-4910-B924-26E228415BF4}.Release|Any CPU.ActiveCfg = Release|Any CPU
		{9A257903-0C24-4910-B924-26E228415BF4}.Release|Any CPU.Build.0 = Release|Any CPU
		{79AF2EAD-F8FD-4F9C-83F2-F0F4534896CF}.Debug|Any CPU.ActiveCfg = Debug|Any CPU
		{79AF2EAD-F8FD-4F9C-83F2-F0F4534896CF}.Debug|Any CPU.Build.0 = Debug|Any CPU
		{79AF2EAD-F8FD-4F9C-83F2-F0F4534896CF}.Release|Any CPU.ActiveCfg = Release|Any CPU
		{79AF2EAD-F8FD-4F9C-83F2-F0F4534896CF}.Release|Any CPU.Build.0 = Release|Any CPU
	EndGlobalSection
	GlobalSection(SolutionProperties) = preSolution
		HideSolutionNode = FALSE
	EndGlobalSection
	GlobalSection(ExtensibilityGlobals) = postSolution
		SolutionGuid = {3FB8AA04-905E-41E2-8FE5-635FC4DBBF2B}
	EndGlobalSection
EndGlobal
